// !$*UTF8*$!
{
	archiveVersion = 1;
	classes = {
	};
	objectVersion = 77;
	objects = {

/* Begin PBXContainerItemProxy section */
		822017F82D127673001FA741 /* PBXContainerItemProxy */ = {
			isa = PBXContainerItemProxy;
			containerPortal = 822017D62D127671001FA741 /* Project object */;
			proxyType = 1;
			remoteGlobalIDString = 822017DD2D127671001FA741;
			remoteInfo = bitcoinwallet;
		};
		822018022D127673001FA741 /* PBXContainerItemProxy */ = {
			isa = PBXContainerItemProxy;
			containerPortal = 822017D62D127671001FA741 /* Project object */;
			proxyType = 1;
			remoteGlobalIDString = 822017DD2D127671001FA741;
			remoteInfo = bitcoinwallet;
		};
/* End PBXContainerItemProxy section */

/* Begin PBXFileReference section */
		822017DE2D127671001FA741 /* bitcoinwallet.app */ = {isa = PBXFileReference; explicitFileType = wrapper.application; includeInIndex = 0; path = bitcoinwallet.app; sourceTree = BUILT_PRODUCTS_DIR; };
		822017F72D127673001FA741 /* bitcoinwalletTests.xctest */ = {isa = PBXFileReference; explicitFileType = wrapper.cfbundle; includeInIndex = 0; path = bitcoinwalletTests.xctest; sourceTree = BUILT_PRODUCTS_DIR; };
		822018012D127673001FA741 /* bitcoinwalletUITests.xctest */ = {isa = PBXFileReference; explicitFileType = wrapper.cfbundle; includeInIndex = 0; path = bitcoinwalletUITests.xctest; sourceTree = BUILT_PRODUCTS_DIR; };
/* End PBXFileReference section */

/* Begin PBXFileSystemSynchronizedBuildFileExceptionSet section */
		822018092D127673001FA741 /* Exceptions for "bitcoinwallet" folder in "bitcoinwallet" target */ = {
			isa = PBXFileSystemSynchronizedBuildFileExceptionSet;
			membershipExceptions = (
				Info.plist,
			);
			target = 822017DD2D127671001FA741 /* bitcoinwallet */;
		};
/* End PBXFileSystemSynchronizedBuildFileExceptionSet section */

/* Begin PBXFileSystemSynchronizedRootGroup section */
		822017E02D127671001FA741 /* bitcoinwallet */ = {
			isa = PBXFileSystemSynchronizedRootGroup;
			exceptions = (
				822018092D127673001FA741 /* Exceptions for "bitcoinwallet" folder in "bitcoinwallet" target */,
			);
			path = bitcoinwallet;
			sourceTree = "<group>";
		};
		822017FA2D127673001FA741 /* bitcoinwalletTests */ = {
			isa = PBXFileSystemSynchronizedRootGroup;
			path = bitcoinwalletTests;
			sourceTree = "<group>";
		};
		822018042D127673001FA741 /* bitcoinwalletUITests */ = {
			isa = PBXFileSystemSynchronizedRootGroup;
			path = bitcoinwalletUITests;
			sourceTree = "<group>";
		};
/* End PBXFileSystemSynchronizedRootGroup section */

/* Begin PBXFrameworksBuildPhase section */
		822017DB2D127671001FA741 /* Frameworks */ = {
			isa = PBXFrameworksBuildPhase;
			buildActionMask = 2147483647;
			files = (
			);
			runOnlyForDeploymentPostprocessing = 0;
		};
		822017F42D127673001FA741 /* Frameworks */ = {
			isa = PBXFrameworksBuildPhase;
			buildActionMask = 2147483647;
			files = (
			);
			runOnlyForDeploymentPostprocessing = 0;
		};
		822017FE2D127673001FA741 /* Frameworks */ = {
			isa = PBXFrameworksBuildPhase;
			buildActionMask = 2147483647;
			files = (
			);
			runOnlyForDeploymentPostprocessing = 0;
		};
/* End PBXFrameworksBuildPhase section */

/* Begin PBXGroup section */
		822017D52D127671001FA741 = {
			isa = PBXGroup;
			children = (
				822017E02D127671001FA741 /* bitcoinwallet */,
				822017FA2D127673001FA741 /* bitcoinwalletTests */,
				822018042D127673001FA741 /* bitcoinwalletUITests */,
				822017DF2D127671001FA741 /* Products */,
			);
			sourceTree = "<group>";
		};
		822017DF2D127671001FA741 /* Products */ = {
			isa = PBXGroup;
			children = (
				822017DE2D127671001FA741 /* bitcoinwallet.app */,
				822017F72D127673001FA741 /* bitcoinwalletTests.xctest */,
				822018012D127673001FA741 /* bitcoinwalletUITests.xctest */,
			);
			name = Products;
			sourceTree = "<group>";
		};
/* End PBXGroup section */

/* Begin PBXNativeTarget section */
		822017DD2D127671001FA741 /* bitcoinwallet */ = {
			isa = PBXNativeTarget;
			buildConfigurationList = 8220180A2D127673001FA741 /* Build configuration list for PBXNativeTarget "bitcoinwallet" */;
			buildPhases = (
				822017DA2D127671001FA741 /* Sources */,
				822017DB2D127671001FA741 /* Frameworks */,
				822017DC2D127671001FA741 /* Resources */,
			);
			buildRules = (
			);
			dependencies = (
			);
			fileSystemSynchronizedGroups = (
				822017E02D127671001FA741 /* bitcoinwallet */,
			);
			name = bitcoinwallet;
			packageProductDependencies = (
			);
			productName = bitcoinwallet;
			productReference = 822017DE2D127671001FA741 /* bitcoinwallet.app */;
			productType = "com.apple.product-type.application";
		};
		822017F62D127673001FA741 /* bitcoinwalletTests */ = {
			isa = PBXNativeTarget;
			buildConfigurationList = 8220180F2D127673001FA741 /* Build configuration list for PBXNativeTarget "bitcoinwalletTests" */;
			buildPhases = (
				822017F32D127673001FA741 /* Sources */,
				822017F42D127673001FA741 /* Frameworks */,
				822017F52D127673001FA741 /* Resources */,
			);
			buildRules = (
			);
			dependencies = (
				822017F92D127673001FA741 /* PBXTargetDependency */,
			);
			fileSystemSynchronizedGroups = (
				822017FA2D127673001FA741 /* bitcoinwalletTests */,
			);
			name = bitcoinwalletTests;
			packageProductDependencies = (
			);
			productName = bitcoinwalletTests;
			productReference = 822017F72D127673001FA741 /* bitcoinwalletTests.xctest */;
			productType = "com.apple.product-type.bundle.unit-test";
		};
		822018002D127673001FA741 /* bitcoinwalletUITests */ = {
			isa = PBXNativeTarget;
			buildConfigurationList = 822018122D127673001FA741 /* Build configuration list for PBXNativeTarget "bitcoinwalletUITests" */;
			buildPhases = (
				822017FD2D127673001FA741 /* Sources */,
				822017FE2D127673001FA741 /* Frameworks */,
				822017FF2D127673001FA741 /* Resources */,
			);
			buildRules = (
			);
			dependencies = (
				822018032D127673001FA741 /* PBXTargetDependency */,
			);
			fileSystemSynchronizedGroups = (
				822018042D127673001FA741 /* bitcoinwalletUITests */,
			);
			name = bitcoinwalletUITests;
			packageProductDependencies = (
			);
			productName = bitcoinwalletUITests;
			productReference = 822018012D127673001FA741 /* bitcoinwalletUITests.xctest */;
			productType = "com.apple.product-type.bundle.ui-testing";
		};
/* End PBXNativeTarget section */

/* Begin PBXProject section */
		822017D62D127671001FA741 /* Project object */ = {
			isa = PBXProject;
			attributes = {
				BuildIndependentTargetsInParallel = 1;
				LastSwiftUpdateCheck = 1620;
				LastUpgradeCheck = 1620;
				TargetAttributes = {
					822017DD2D127671001FA741 = {
						CreatedOnToolsVersion = 16.2;
					};
					822017F62D127673001FA741 = {
						CreatedOnToolsVersion = 16.2;
						TestTargetID = 822017DD2D127671001FA741;
					};
					822018002D127673001FA741 = {
						CreatedOnToolsVersion = 16.2;
						TestTargetID = 822017DD2D127671001FA741;
					};
				};
			};
			buildConfigurationList = 822017D92D127671001FA741 /* Build configuration list for PBXProject "bitcoinwallet" */;
			developmentRegion = en;
			hasScannedForEncodings = 0;
			knownRegions = (
				en,
				Base,
			);
			mainGroup = 822017D52D127671001FA741;
			minimizedProjectReferenceProxies = 1;
			preferredProjectObjectVersion = 77;
			productRefGroup = 822017DF2D127671001FA741 /* Products */;
			projectDirPath = "";
			projectRoot = "";
			targets = (
				822017DD2D127671001FA741 /* bitcoinwallet */,
				822017F62D127673001FA741 /* bitcoinwalletTests */,
				822018002D127673001FA741 /* bitcoinwalletUITests */,
			);
		};
/* End PBXProject section */

/* Begin PBXResourcesBuildPhase section */
		822017DC2D127671001FA741 /* Resources */ = {
			isa = PBXResourcesBuildPhase;
			buildActionMask = 2147483647;
			files = (
			);
			runOnlyForDeploymentPostprocessing = 0;
		};
		822017F52D127673001FA741 /* Resources */ = {
			isa = PBXResourcesBuildPhase;
			buildActionMask = 2147483647;
			files = (
			);
			runOnlyForDeploymentPostprocessing = 0;
		};
		822017FF2D127673001FA741 /* Resources */ = {
			isa = PBXResourcesBuildPhase;
			buildActionMask = 2147483647;
			files = (
			);
			runOnlyForDeploymentPostprocessing = 0;
		};
/* End PBXResourcesBuildPhase section */

/* Begin PBXSourcesBuildPhase section */
		822017DA2D127671001FA741 /* Sources */ = {
			isa = PBXSourcesBuildPhase;
			buildActionMask = 2147483647;
			files = (
			);
			runOnlyForDeploymentPostprocessing = 0;
		};
		822017F32D127673001FA741 /* Sources */ = {
			isa = PBXSourcesBuildPhase;
			buildActionMask = 2147483647;
			files = (
			);
			runOnlyForDeploymentPostprocessing = 0;
		};
		822017FD2D127673001FA741 /* Sources */ = {
			isa = PBXSourcesBuildPhase;
			buildActionMask = 2147483647;
			files = (
			);
			runOnlyForDeploymentPostprocessing = 0;
		};
/* End PBXSourcesBuildPhase section */

/* Begin PBXTargetDependency section */
		822017F92D127673001FA741 /* PBXTargetDependency */ = {
			isa = PBXTargetDependency;
			target = 822017DD2D127671001FA741 /* bitcoinwallet */;
			targetProxy = 822017F82D127673001FA741 /* PBXContainerItemProxy */;
		};
		822018032D127673001FA741 /* PBXTargetDependency */ = {
			isa = PBXTargetDependency;
			target = 822017DD2D127671001FA741 /* bitcoinwallet */;
			targetProxy = 822018022D127673001FA741 /* PBXContainerItemProxy */;
		};
/* End PBXTargetDependency section */

/* Begin XCBuildConfiguration section */
		8220180B2D127673001FA741 /* Debug */ = {
			isa = XCBuildConfiguration;
			buildSettings = {
				ASSETCATALOG_COMPILER_APPICON_NAME = AppIcon;
				ASSETCATALOG_COMPILER_GLOBAL_ACCENT_COLOR_NAME = AccentColor;
				CODE_SIGN_STYLE = Automatic;
				CURRENT_PROJECT_VERSION = 1;
				DEVELOPMENT_TEAM = 2365W7GK84;
				GENERATE_INFOPLIST_FILE = YES;
				INFOPLIST_FILE = bitcoinwallet/Info.plist;
				INFOPLIST_KEY_UIApplicationSupportsIndirectInputEvents = YES;
				INFOPLIST_KEY_UILaunchStoryboardName = LaunchScreen;
				INFOPLIST_KEY_UIMainStoryboardFile = Main;
				INFOPLIST_KEY_UISupportedInterfaceOrientations_iPad = "UIInterfaceOrientationPortrait UIInterfaceOrientationPortraitUpsideDown UIInterfaceOrientationLandscapeLeft UIInterfaceOrientationLandscapeRight";
				INFOPLIST_KEY_UISupportedInterfaceOrientations_iPhone = "UIInterfaceOrientationPortrait UIInterfaceOrientationLandscapeLeft UIInterfaceOrientationLandscapeRight";
				LD_RUNPATH_SEARCH_PATHS = (
					"$(inherited)",
					"@executable_path/Frameworks",
				);
				MARKETING_VERSION = 1.0;
				PRODUCT_BUNDLE_IDENTIFIER = hazelalain.bitcoinwallet;
				PRODUCT_NAME = "$(TARGET_NAME)";
				SWIFT_EMIT_LOC_STRINGS = YES;
				SWIFT_VERSION = 5.0;
				TARGETED_DEVICE_FAMILY = "1,2";
			};
			name = Debug;
		};
		8220180C2D127673001FA741 /* Release */ = {
			isa = XCBuildConfiguration;
			buildSettings = {
				ASSETCATALOG_COMPILER_APPICON_NAME = AppIcon;
				ASSETCATALOG_COMPILER_GLOBAL_ACCENT_COLOR_NAME = AccentColor;
				CODE_SIGN_STYLE = Automatic;
				CURRENT_PROJECT_VERSION = 1;
				DEVELOPMENT_TEAM = 2365W7GK84;
				GENERATE_INFOPLIST_FILE = YES;
				INFOPLIST_FILE = bitcoinwallet/Info.plist;
				INFOPLIST_KEY_UIApplicationSupportsIndirectInputEvents = YES;
				INFOPLIST_KEY_UILaunchStoryboardName = LaunchScreen;
				INFOPLIST_KEY_UIMainStoryboardFile = Main;
				INFOPLIST_KEY_UISupportedInterfaceOrientations_iPad = "UIInterfaceOrientationPortrait UIInterfaceOrientationPortraitUpsideDown UIInterfaceOrientationLandscapeLeft UIInterfaceOrientationLandscapeRight";
				INFOPLIST_KEY_UISupportedInterfaceOrientations_iPhone = "UIInterfaceOrientationPortrait UIInterfaceOrientationLandscapeLeft UIInterfaceOrientationLandscapeRight";
				LD_RUNPATH_SEARCH_PATHS = (
					"$(inherited)",
					"@executable_path/Frameworks",
				);
				MARKETING_VERSION = 1.0;
				PRODUCT_BUNDLE_IDENTIFIER = hazelalain.bitcoinwallet;
				PRODUCT_NAME = "$(TARGET_NAME)";
				SWIFT_EMIT_LOC_STRINGS = YES;
				SWIFT_VERSION = 5.0;
				TARGETED_DEVICE_FAMILY = "1,2";
			};
			name = Release;
		};
		8220180D2D127673001FA741 /* Debug */ = {
			isa = XCBuildConfiguration;
			buildSettings = {
				ALWAYS_SEARCH_USER_PATHS = NO;
				ASSETCATALOG_COMPILER_GENERATE_SWIFT_ASSET_SYMBOL_EXTENSIONS = YES;
				CLANG_ANALYZER_NONNULL = YES;
				CLANG_ANALYZER_NUMBER_OBJECT_CONVERSION = YES_AGGRESSIVE;
				CLANG_CXX_LANGUAGE_STANDARD = "gnu++20";
				CLANG_ENABLE_MODULES = YES;
				CLANG_ENABLE_OBJC_ARC = YES;
				CLANG_ENABLE_OBJC_WEAK = YES;
				CLANG_WARN_BLOCK_CAPTURE_AUTORELEASING = YES;
				CLANG_WARN_BOOL_CONVERSION = YES;
				CLANG_WARN_COMMA = YES;
				CLANG_WARN_CONSTANT_CONVERSION = YES;
				CLANG_WARN_DEPRECATED_OBJC_IMPLEMENTATIONS = YES;
				CLANG_WARN_DIRECT_OBJC_ISA_USAGE = YES_ERROR;
				CLANG_WARN_DOCUMENTATION_COMMENTS = YES;
				CLANG_WARN_EMPTY_BODY = YES;
				CLANG_WARN_ENUM_CONVERSION = YES;
				CLANG_WARN_INFINITE_RECURSION = YES;
				CLANG_WARN_INT_CONVERSION = YES;
				CLANG_WARN_NON_LITERAL_NULL_CONVERSION = YES;
				CLANG_WARN_OBJC_IMPLICIT_RETAIN_SELF = YES;
				CLANG_WARN_OBJC_LITERAL_CONVERSION = YES;
				CLANG_WARN_OBJC_ROOT_CLASS = YES_ERROR;
				CLANG_WARN_QUOTED_INCLUDE_IN_FRAMEWORK_HEADER = YES;
				CLANG_WARN_RANGE_LOOP_ANALYSIS = YES;
				CLANG_WARN_STRICT_PROTOTYPES = YES;
				CLANG_WARN_SUSPICIOUS_MOVE = YES;
				CLANG_WARN_UNGUARDED_AVAILABILITY = YES_AGGRESSIVE;
				CLANG_WARN_UNREACHABLE_CODE = YES;
				CLANG_WARN__DUPLICATE_METHOD_MATCH = YES;
				COPY_PHASE_STRIP = NO;
				DEBUG_INFORMATION_FORMAT = dwarf;
				ENABLE_STRICT_OBJC_MSGSEND = YES;
				ENABLE_TESTABILITY = YES;
				ENABLE_USER_SCRIPT_SANDBOXING = YES;
				GCC_C_LANGUAGE_STANDARD = gnu17;
				GCC_DYNAMIC_NO_PIC = NO;
				GCC_NO_COMMON_BLOCKS = YES;
				GCC_OPTIMIZATION_LEVEL = 0;
				GCC_PREPROCESSOR_DEFINITIONS = (
					"DEBUG=1",
					"$(inherited)",
				);
				GCC_WARN_64_TO_32_BIT_CONVERSION = YES;
				GCC_WARN_ABOUT_RETURN_TYPE = YES_ERROR;
				GCC_WARN_UNDECLARED_SELECTOR = YES;
				GCC_WARN_UNINITIALIZED_AUTOS = YES_AGGRESSIVE;
				GCC_WARN_UNUSED_FUNCTION = YES;
				GCC_WARN_UNUSED_VARIABLE = YES;
				IPHONEOS_DEPLOYMENT_TARGET = 18.2;
				LOCALIZATION_PREFERS_STRING_CATALOGS = YES;
				MTL_ENABLE_DEBUG_INFO = INCLUDE_SOURCE;
				MTL_FAST_MATH = YES;
				ONLY_ACTIVE_ARCH = YES;
				SDKROOT = iphoneos;
				SWIFT_ACTIVE_COMPILATION_CONDITIONS = "DEBUG $(inherited)";
				SWIFT_OPTIMIZATION_LEVEL = "-Onone";
			};
			name = Debug;
		};
		8220180E2D127673001FA741 /* Release */ = {
			isa = XCBuildConfiguration;
			buildSettings = {
				ALWAYS_SEARCH_USER_PATHS = NO;
				ASSETCATALOG_COMPILER_GENERATE_SWIFT_ASSET_SYMBOL_EXTENSIONS = YES;
				CLANG_ANALYZER_NONNULL = YES;
				CLANG_ANALYZER_NUMBER_OBJECT_CONVERSION = YES_AGGRESSIVE;
				CLANG_CXX_LANGUAGE_STANDARD = "gnu++20";
				CLANG_ENABLE_MODULES = YES;
				CLANG_ENABLE_OBJC_ARC = YES;
				CLANG_ENABLE_OBJC_WEAK = YES;
				CLANG_WARN_BLOCK_CAPTURE_AUTORELEASING = YES;
				CLANG_WARN_BOOL_CONVERSION = YES;
				CLANG_WARN_COMMA = YES;
				CLANG_WARN_CONSTANT_CONVERSION = YES;
				CLANG_WARN_DEPRECATED_OBJC_IMPLEMENTATIONS = YES;
				CLANG_WARN_DIRECT_OBJC_ISA_USAGE = YES_ERROR;
				CLANG_WARN_DOCUMENTATION_COMMENTS = YES;
				CLANG_WARN_EMPTY_BODY = YES;
				CLANG_WARN_ENUM_CONVERSION = YES;
				CLANG_WARN_INFINITE_RECURSION = YES;
				CLANG_WARN_INT_CONVERSION = YES;
				CLANG_WARN_NON_LITERAL_NULL_CONVERSION = YES;
				CLANG_WARN_OBJC_IMPLICIT_RETAIN_SELF = YES;
				CLANG_WARN_OBJC_LITERAL_CONVERSION = YES;
				CLANG_WARN_OBJC_ROOT_CLASS = YES_ERROR;
				CLANG_WARN_QUOTED_INCLUDE_IN_FRAMEWORK_HEADER = YES;
				CLANG_WARN_RANGE_LOOP_ANALYSIS = YES;
				CLANG_WARN_STRICT_PROTOTYPES = YES;
				CLANG_WARN_SUSPICIOUS_MOVE = YES;
				CLANG_WARN_UNGUARDED_AVAILABILITY = YES_AGGRESSIVE;
				CLANG_WARN_UNREACHABLE_CODE = YES;
				CLANG_WARN__DUPLICATE_METHOD_MATCH = YES;
				COPY_PHASE_STRIP = NO;
				DEBUG_INFORMATION_FORMAT = "dwarf-with-dsym";
				ENABLE_NS_ASSERTIONS = NO;
				ENABLE_STRICT_OBJC_MSGSEND = YES;
				ENABLE_USER_SCRIPT_SANDBOXING = YES;
				GCC_C_LANGUAGE_STANDARD = gnu17;
				GCC_NO_COMMON_BLOCKS = YES;
				GCC_WARN_64_TO_32_BIT_CONVERSION = YES;
				GCC_WARN_ABOUT_RETURN_TYPE = YES_ERROR;
				GCC_WARN_UNDECLARED_SELECTOR = YES;
				GCC_WARN_UNINITIALIZED_AUTOS = YES_AGGRESSIVE;
				GCC_WARN_UNUSED_FUNCTION = YES;
				GCC_WARN_UNUSED_VARIABLE = YES;
				IPHONEOS_DEPLOYMENT_TARGET = 18.2;
				LOCALIZATION_PREFERS_STRING_CATALOGS = YES;
				MTL_ENABLE_DEBUG_INFO = NO;
				MTL_FAST_MATH = YES;
				SDKROOT = iphoneos;
				SWIFT_COMPILATION_MODE = wholemodule;
				VALIDATE_PRODUCT = YES;
			};
			name = Release;
		};
		822018102D127673001FA741 /* Debug */ = {
			isa = XCBuildConfiguration;
			buildSettings = {
				BUNDLE_LOADER = "$(TEST_HOST)";
				CODE_SIGN_STYLE = Automatic;
				CURRENT_PROJECT_VERSION = 1;
				DEVELOPMENT_TEAM = 2365W7GK84;
				GENERATE_INFOPLIST_FILE = YES;
				IPHONEOS_DEPLOYMENT_TARGET = 18.2;
				MARKETING_VERSION = 1.0;
				PRODUCT_BUNDLE_IDENTIFIER = hazelalain.bitcoinwalletTests;
				PRODUCT_NAME = "$(TARGET_NAME)";
				SWIFT_EMIT_LOC_STRINGS = NO;
				SWIFT_VERSION = 5.0;
				TARGETED_DEVICE_FAMILY = "1,2";
				TEST_HOST = "$(BUILT_PRODUCTS_DIR)/bitcoinwallet.app/$(BUNDLE_EXECUTABLE_FOLDER_PATH)/bitcoinwallet";
			};
			name = Debug;
		};
		822018112D127673001FA741 /* Release */ = {
			isa = XCBuildConfiguration;
			buildSettings = {
				BUNDLE_LOADER = "$(TEST_HOST)";
				CODE_SIGN_STYLE = Automatic;
				CURRENT_PROJECT_VERSION = 1;
				DEVELOPMENT_TEAM = 2365W7GK84;
				GENERATE_INFOPLIST_FILE = YES;
				IPHONEOS_DEPLOYMENT_TARGET = 18.2;
				MARKETING_VERSION = 1.0;
				PRODUCT_BUNDLE_IDENTIFIER = hazelalain.bitcoinwalletTests;
				PRODUCT_NAME = "$(TARGET_NAME)";
				SWIFT_EMIT_LOC_STRINGS = NO;
				SWIFT_VERSION = 5.0;
				TARGETED_DEVICE_FAMILY = "1,2";
				TEST_HOST = "$(BUILT_PRODUCTS_DIR)/bitcoinwallet.app/$(BUNDLE_EXECUTABLE_FOLDER_PATH)/bitcoinwallet";
			};
			name = Release;
		};
		822018132D127673001FA741 /* Debug */ = {
			isa = XCBuildConfiguration;
			buildSettings = {
				CODE_SIGN_STYLE = Automatic;
				CURRENT_PROJECT_VERSION = 1;
				DEVELOPMENT_TEAM = 2365W7GK84;
				GENERATE_INFOPLIST_FILE = YES;
				MARKETING_VERSION = 1.0;
				PRODUCT_BUNDLE_IDENTIFIER = hazelalain.bitcoinwalletUITests;
				PRODUCT_NAME = "$(TARGET_NAME)";
				SWIFT_EMIT_LOC_STRINGS = NO;
				SWIFT_VERSION = 5.0;
				TARGETED_DEVICE_FAMILY = "1,2";
				TEST_TARGET_NAME = bitcoinwallet;
			};
			name = Debug;
		};
		822018142D127673001FA741 /* Release */ = {
			isa = XCBuildConfiguration;
			buildSettings = {
				CODE_SIGN_STYLE = Automatic;
				CURRENT_PROJECT_VERSION = 1;
				DEVELOPMENT_TEAM = 2365W7GK84;
				GENERATE_INFOPLIST_FILE = YES;
				MARKETING_VERSION = 1.0;
				PRODUCT_BUNDLE_IDENTIFIER = hazelalain.bitcoinwalletUITests;
				PRODUCT_NAME = "$(TARGET_NAME)";
				SWIFT_EMIT_LOC_STRINGS = NO;
				SWIFT_VERSION = 5.0;
				TARGETED_DEVICE_FAMILY = "1,2";
				TEST_TARGET_NAME = bitcoinwallet;
			};
			name = Release;
		};
/* End XCBuildConfiguration section */

/* Begin XCConfigurationList section */
		822017D92D127671001FA741 /* Build configuration list for PBXProject "bitcoinwallet" */ = {
			isa = XCConfigurationList;
			buildConfigurations = (
				8220180D2D127673001FA741 /* Debug */,
				8220180E2D127673001FA741 /* Release */,
			);
			defaultConfigurationIsVisible = 0;
			defaultConfigurationName = Release;
		};
		8220180A2D127673001FA741 /* Build configuration list for PBXNativeTarget "bitcoinwallet" */ = {
			isa = XCConfigurationList;
			buildConfigurations = (
				8220180B2D127673001FA741 /* Debug */,
				8220180C2D127673001FA741 /* Release */,
			);
			defaultConfigurationIsVisible = 0;
			defaultConfigurationName = Release;
		};
		8220180F2D127673001FA741 /* Build configuration list for PBXNativeTarget "bitcoinwalletTests" */ = {
			isa = XCConfigurationList;
			buildConfigurations = (
				822018102D127673001FA741 /* Debug */,
				822018112D127673001FA741 /* Release */,
			);
			defaultConfigurationIsVisible = 0;
			defaultConfigurationName = Release;
		};
		822018122D127673001FA741 /* Build configuration list for PBXNativeTarget "bitcoinwalletUITests" */ = {
			isa = XCConfigurationList;
			buildConfigurations = (
				822018132D127673001FA741 /* Debug */,
				822018142D127673001FA741 /* Release */,
			);
			defaultConfigurationIsVisible = 0;
			defaultConfigurationName = Release;
		};
/* End XCConfigurationList section */
	};
	rootObject = 822017D62D127671001FA741 /* Project object */;
}
